// !$*UTF8*$!
{
	archiveVersion = 1;
	classes = {
	};
	objectVersion = 46;
	objects = {

/* Begin PBXBuildFile section */
		3D1442B71AC7436A00816B7F /* TeaEditorWindow.xib in Resources */ = {isa = PBXBuildFile; fileRef = 3D1442B91AC7436A00816B7F /* TeaEditorWindow.xib */; };
		3D1442BD1AC746B400816B7F /* TeaEditor.m in Sources */ = {isa = PBXBuildFile; fileRef = 3D1442BC1AC746B400816B7F /* TeaEditor.m */; };
		3D1BDE0D1C5AD51500E95DF9 /* Icons.xcassets in Resources */ = {isa = PBXBuildFile; fileRef = 3D1BDE0C1C5AD51500E95DF9 /* Icons.xcassets */; };
		3D36300E1A7AE9CE00B34E2C /* TeaIcon1.1.icns in Resources */ = {isa = PBXBuildFile; fileRef = 3D36300D1A7AE9CE00B34E2C /* TeaIcon1.1.icns */; };
		3D3FBF241A15649E00E7E6A9 /* main.m in Sources */ = {isa = PBXBuildFile; fileRef = 3D3FBF231A15649E00E7E6A9 /* main.m */; };
		3D3FBF2B1A15649E00E7E6A9 /* AppDelegate.m in Sources */ = {isa = PBXBuildFile; fileRef = 3D3FBF2A1A15649E00E7E6A9 /* AppDelegate.m */; };
		3D3FBF2E1A15649E00E7E6A9 /* MainMenu.xib in Resources */ = {isa = PBXBuildFile; fileRef = 3D3FBF2C1A15649E00E7E6A9 /* MainMenu.xib */; };
		3D3FBF481A157B8F00E7E6A9 /* Localizable.strings in Resources */ = {isa = PBXBuildFile; fileRef = 3D3FBF4A1A157B8F00E7E6A9 /* Localizable.strings */; };
		3D58919C1D8C08FE00909081 /* TeaObject.m in Sources */ = {isa = PBXBuildFile; fileRef = 3D58919B1D8C08FE00909081 /* TeaObject.m */; };
		3D673B641BEBFEF90051B2C4 /* TeaManager.m in Sources */ = {isa = PBXBuildFile; fileRef = 3D673B631BEBFEF90051B2C4 /* TeaManager.m */; };
		3D6F8BE81A7AD14D000794CA /* TeaIcon_Done.png in Resources */ = {isa = PBXBuildFile; fileRef = 3D6F8BE71A7AD14D000794CA /* TeaIcon_Done.png */; };
		3D77CBEF1D8C012C0047F8B5 /* Cocoa.framework in Frameworks */ = {isa = PBXBuildFile; fileRef = 3D77CBEE1D8C012C0047F8B5 /* Cocoa.framework */; };
		3D77CC4F1D8C02BC0047F8B5 /* TeaMenu.xcdatamodeld in Sources */ = {isa = PBXBuildFile; fileRef = 3D77CC4D1D8C02BC0047F8B5 /* TeaMenu.xcdatamodeld */; };
		3DB25A431B2DD49B00DFEBBA /* CustomTeaMenuItem.xib in Resources */ = {isa = PBXBuildFile; fileRef = 3DB25A421B2DD49B00DFEBBA /* CustomTeaMenuItem.xib */; };
		3DD20B761BE9600000C184E4 /* CustomTeaMenuItem.m in Sources */ = {isa = PBXBuildFile; fileRef = 3DD20B751BE9600000C184E4 /* CustomTeaMenuItem.m */; };
		3DD20B811BE9640800C184E4 /* CustomTeaItemViewController.m in Sources */ = {isa = PBXBuildFile; fileRef = 3DD20B7F1BE9640800C184E4 /* CustomTeaItemViewController.m */; };
		3DF0CBEF1AC842E100B5AEDE /* DefaultTeas.plist in Resources */ = {isa = PBXBuildFile; fileRef = 3DF0CBEE1AC842E100B5AEDE /* DefaultTeas.plist */; };
/* End PBXBuildFile section */

/* Begin PBXFileReference section */
		3D0629891BEBF8C8008C98F4 /* TeaTimerNotification.h */ = {isa = PBXFileReference; fileEncoding = 4; lastKnownFileType = sourcecode.c.h; path = TeaTimerNotification.h; sourceTree = "<group>"; };
		3D1442BB1AC746B400816B7F /* TeaEditor.h */ = {isa = PBXFileReference; fileEncoding = 4; lastKnownFileType = sourcecode.c.h; path = TeaEditor.h; sourceTree = "<group>"; };
		3D1442BC1AC746B400816B7F /* TeaEditor.m */ = {isa = PBXFileReference; fileEncoding = 4; lastKnownFileType = sourcecode.c.objc; path = TeaEditor.m; sourceTree = "<group>"; };
		3D1BDE0C1C5AD51500E95DF9 /* Icons.xcassets */ = {isa = PBXFileReference; lastKnownFileType = folder.assetcatalog; path = Icons.xcassets; sourceTree = "<group>"; };
		3D36300D1A7AE9CE00B34E2C /* TeaIcon1.1.icns */ = {isa = PBXFileReference; lastKnownFileType = image.icns; path = TeaIcon1.1.icns; sourceTree = "<group>"; };
		3D3FBF131A15649D00E7E6A9 /* TeaMenu.app */ = {isa = PBXFileReference; explicitFileType = wrapper.application; includeInIndex = 0; path = TeaMenu.app; sourceTree = BUILT_PRODUCTS_DIR; };
		3D3FBF1F1A15649E00E7E6A9 /* TeaMenu-Info.plist */ = {isa = PBXFileReference; lastKnownFileType = text.plist.xml; path = "TeaMenu-Info.plist"; sourceTree = "<group>"; };
		3D3FBF211A15649E00E7E6A9 /* en */ = {isa = PBXFileReference; lastKnownFileType = text.plist.strings; name = en; path = en.lproj/InfoPlist.strings; sourceTree = "<group>"; };
		3D3FBF231A15649E00E7E6A9 /* main.m */ = {isa = PBXFileReference; lastKnownFileType = sourcecode.c.objc; path = main.m; sourceTree = "<group>"; };
		3D3FBF291A15649E00E7E6A9 /* AppDelegate.h */ = {isa = PBXFileReference; lastKnownFileType = sourcecode.c.h; path = AppDelegate.h; sourceTree = "<group>"; };
		3D3FBF2A1A15649E00E7E6A9 /* AppDelegate.m */ = {isa = PBXFileReference; lastKnownFileType = sourcecode.c.objc; path = AppDelegate.m; sourceTree = "<group>"; };
		3D3FBF491A157B8F00E7E6A9 /* en */ = {isa = PBXFileReference; lastKnownFileType = text.plist.strings; name = en; path = en.lproj/Localizable.strings; sourceTree = "<group>"; };
		3D3FBF4B1A157B9300E7E6A9 /* de */ = {isa = PBXFileReference; lastKnownFileType = text.plist.strings; name = de; path = de.lproj/Localizable.strings; sourceTree = "<group>"; };
		3D3FBF4C1A157BBA00E7E6A9 /* fr */ = {isa = PBXFileReference; lastKnownFileType = text.plist.strings; name = fr; path = fr.lproj/Localizable.strings; sourceTree = "<group>"; };
		3D3FBF551A157EEF00E7E6A9 /* it */ = {isa = PBXFileReference; lastKnownFileType = text.plist.strings; name = it; path = it.lproj/Localizable.strings; sourceTree = "<group>"; };
		3D3FBF561A157EEF00E7E6A9 /* es */ = {isa = PBXFileReference; lastKnownFileType = text.plist.strings; name = es; path = es.lproj/Localizable.strings; sourceTree = "<group>"; };
		3D46066F1C5C232400766414 /* Base */ = {isa = PBXFileReference; lastKnownFileType = file.xib; name = Base; path = Base.lproj/MainMenu.xib; sourceTree = "<group>"; };
		3D4606711C5C232E00766414 /* en */ = {isa = PBXFileReference; lastKnownFileType = text.plist.strings; name = en; path = en.lproj/MainMenu.strings; sourceTree = "<group>"; };
		3D4606741C5C249500766414 /* de */ = {isa = PBXFileReference; lastKnownFileType = text.plist.strings; name = de; path = de.lproj/MainMenu.strings; sourceTree = "<group>"; };
		3D4606751C5C254B00766414 /* fr */ = {isa = PBXFileReference; lastKnownFileType = text.plist.strings; name = fr; path = fr.lproj/MainMenu.strings; sourceTree = "<group>"; };
		3D4606761C5C254F00766414 /* it */ = {isa = PBXFileReference; lastKnownFileType = text.plist.strings; name = it; path = it.lproj/MainMenu.strings; sourceTree = "<group>"; };
		3D4606771C5C255200766414 /* es */ = {isa = PBXFileReference; lastKnownFileType = text.plist.strings; name = es; path = es.lproj/MainMenu.strings; sourceTree = "<group>"; };
		3D4606781C5C255500766414 /* pt */ = {isa = PBXFileReference; lastKnownFileType = text.plist.strings; name = pt; path = pt.lproj/MainMenu.strings; sourceTree = "<group>"; };
		3D4606791C5C255800766414 /* da */ = {isa = PBXFileReference; lastKnownFileType = text.plist.strings; name = da; path = da.lproj/MainMenu.strings; sourceTree = "<group>"; };
		3D46067A1C5C255B00766414 /* sv */ = {isa = PBXFileReference; lastKnownFileType = text.plist.strings; name = sv; path = sv.lproj/MainMenu.strings; sourceTree = "<group>"; };
		3D46067B1C5C255E00766414 /* nl */ = {isa = PBXFileReference; lastKnownFileType = text.plist.strings; name = nl; path = nl.lproj/MainMenu.strings; sourceTree = "<group>"; };
		3D46067C1C5CEB5600766414 /* Base */ = {isa = PBXFileReference; lastKnownFileType = file.xib; name = Base; path = Base.lproj/TeaEditorWindow.xib; sourceTree = "<group>"; };
		3D58919A1D8C08FE00909081 /* TeaObject.h */ = {isa = PBXFileReference; fileEncoding = 4; lastKnownFileType = sourcecode.c.h; path = TeaObject.h; sourceTree = "<group>"; };
		3D58919B1D8C08FE00909081 /* TeaObject.m */ = {isa = PBXFileReference; fileEncoding = 4; lastKnownFileType = sourcecode.c.objc; path = TeaObject.m; sourceTree = "<group>"; };
		3D673B621BEBFEF90051B2C4 /* TeaManager.h */ = {isa = PBXFileReference; fileEncoding = 4; lastKnownFileType = sourcecode.c.h; path = TeaManager.h; sourceTree = "<group>"; };
		3D673B631BEBFEF90051B2C4 /* TeaManager.m */ = {isa = PBXFileReference; fileEncoding = 4; lastKnownFileType = sourcecode.c.objc; path = TeaManager.m; sourceTree = "<group>"; };
		3D6F8BE71A7AD14D000794CA /* TeaIcon_Done.png */ = {isa = PBXFileReference; lastKnownFileType = image.png; path = TeaIcon_Done.png; sourceTree = "<group>"; };
		3D73E27E1A1AC8DA0002A5C8 /* nl */ = {isa = PBXFileReference; lastKnownFileType = text.plist.strings; name = nl; path = nl.lproj/Localizable.strings; sourceTree = "<group>"; };
		3D73E2811A1ACAE40002A5C8 /* sv */ = {isa = PBXFileReference; lastKnownFileType = text.plist.strings; name = sv; path = sv.lproj/Localizable.strings; sourceTree = "<group>"; };
		3D77CBEE1D8C012C0047F8B5 /* Cocoa.framework */ = {isa = PBXFileReference; lastKnownFileType = wrapper.framework; name = Cocoa.framework; path = System/Library/Frameworks/Cocoa.framework; sourceTree = SDKROOT; };
		3D77CC4E1D8C02BC0047F8B5 /* TeaMenu.xcdatamodel */ = {isa = PBXFileReference; lastKnownFileType = wrapper.xcdatamodel; path = TeaMenu.xcdatamodel; sourceTree = "<group>"; };
		3DB25A421B2DD49B00DFEBBA /* CustomTeaMenuItem.xib */ = {isa = PBXFileReference; fileEncoding = 4; lastKnownFileType = file.xib; name = CustomTeaMenuItem.xib; path = ../CustomTeaMenuItem.xib; sourceTree = "<group>"; };
		3DBB8A7D1D91DC9F004ABF63 /* en */ = {isa = PBXFileReference; lastKnownFileType = text.plist.strings; name = en; path = en.lproj/TeaEditorWindow.strings; sourceTree = "<group>"; };
		3DBB8A7F1D91DCA8004ABF63 /* de */ = {isa = PBXFileReference; lastKnownFileType = text.plist.strings; name = de; path = de.lproj/TeaEditorWindow.strings; sourceTree = "<group>"; };
		3DBB8A811D91DCAF004ABF63 /* fr */ = {isa = PBXFileReference; lastKnownFileType = text.plist.strings; name = fr; path = fr.lproj/TeaEditorWindow.strings; sourceTree = "<group>"; };
		3DBB8A831D91DCB1004ABF63 /* it */ = {isa = PBXFileReference; lastKnownFileType = text.plist.strings; name = it; path = it.lproj/TeaEditorWindow.strings; sourceTree = "<group>"; };
		3DBB8A851D91DCB5004ABF63 /* es */ = {isa = PBXFileReference; lastKnownFileType = text.plist.strings; name = es; path = es.lproj/TeaEditorWindow.strings; sourceTree = "<group>"; };
		3DBB8A871D91DCB7004ABF63 /* pt */ = {isa = PBXFileReference; lastKnownFileType = text.plist.strings; name = pt; path = pt.lproj/TeaEditorWindow.strings; sourceTree = "<group>"; };
		3DBB8A891D91DCB8004ABF63 /* da */ = {isa = PBXFileReference; lastKnownFileType = text.plist.strings; name = da; path = da.lproj/TeaEditorWindow.strings; sourceTree = "<group>"; };
		3DBB8A8B1D91DCBA004ABF63 /* sv */ = {isa = PBXFileReference; lastKnownFileType = text.plist.strings; name = sv; path = sv.lproj/TeaEditorWindow.strings; sourceTree = "<group>"; };
		3DBB8A8D1D91DCBC004ABF63 /* nl */ = {isa = PBXFileReference; lastKnownFileType = text.plist.strings; name = nl; path = nl.lproj/TeaEditorWindow.strings; sourceTree = "<group>"; };
		3DC149541A1B2A0400718D30 /* da */ = {isa = PBXFileReference; lastKnownFileType = text.plist.strings; name = da; path = da.lproj/Localizable.strings; sourceTree = "<group>"; };
		3DC149561A1B2C1500718D30 /* pt */ = {isa = PBXFileReference; lastKnownFileType = text.plist.strings; name = pt; path = pt.lproj/Localizable.strings; sourceTree = "<group>"; };
		3DD20B741BE9600000C184E4 /* CustomTeaMenuItem.h */ = {isa = PBXFileReference; fileEncoding = 4; lastKnownFileType = sourcecode.c.h; path = CustomTeaMenuItem.h; sourceTree = "<group>"; };
		3DD20B751BE9600000C184E4 /* CustomTeaMenuItem.m */ = {isa = PBXFileReference; fileEncoding = 4; lastKnownFileType = sourcecode.c.objc; path = CustomTeaMenuItem.m; sourceTree = "<group>"; };
		3DD20B7E1BE9640800C184E4 /* CustomTeaItemViewController.h */ = {isa = PBXFileReference; fileEncoding = 4; lastKnownFileType = sourcecode.c.h; path = CustomTeaItemViewController.h; sourceTree = "<group>"; };
		3DD20B7F1BE9640800C184E4 /* CustomTeaItemViewController.m */ = {isa = PBXFileReference; fileEncoding = 4; lastKnownFileType = sourcecode.c.objc; path = CustomTeaItemViewController.m; sourceTree = "<group>"; };
		3DF0CBEE1AC842E100B5AEDE /* DefaultTeas.plist */ = {isa = PBXFileReference; fileEncoding = 4; lastKnownFileType = text.plist.xml; path = DefaultTeas.plist; sourceTree = "<group>"; };
/* End PBXFileReference section */

/* Begin PBXFrameworksBuildPhase section */
		3D3FBF101A15649D00E7E6A9 /* Frameworks */ = {
			isa = PBXFrameworksBuildPhase;
			buildActionMask = 2147483647;
			files = (
				3D77CBEF1D8C012C0047F8B5 /* Cocoa.framework in Frameworks */,
			);
			runOnlyForDeploymentPostprocessing = 0;
		};
/* End PBXFrameworksBuildPhase section */

/* Begin PBXGroup section */
		3D3FBF081A15649D00E7E6A9 = {
			isa = PBXGroup;
			children = (
				3D3FBF361A1567DA00E7E6A9 /* Images */,
				3D3FBF1D1A15649E00E7E6A9 /* TeaMenu */,
				3D3FBF161A15649D00E7E6A9 /* Frameworks */,
				3D3FBF141A15649D00E7E6A9 /* Products */,
			);
			sourceTree = "<group>";
		};
		3D3FBF141A15649D00E7E6A9 /* Products */ = {
			isa = PBXGroup;
			children = (
				3D3FBF131A15649D00E7E6A9 /* TeaMenu.app */,
			);
			name = Products;
			sourceTree = "<group>";
		};
		3D3FBF161A15649D00E7E6A9 /* Frameworks */ = {
			isa = PBXGroup;
			children = (
				3D77CBEE1D8C012C0047F8B5 /* Cocoa.framework */,
			);
			name = Frameworks;
			sourceTree = "<group>";
		};
		3D3FBF1D1A15649E00E7E6A9 /* TeaMenu */ = {
			isa = PBXGroup;
			children = (
				3DD20B781BE9634B00C184E4 /* Custom Tea Timer */,
				3D9ECC8B1AC5F37E0007256B /* Core Data */,
				3D3FBF291A15649E00E7E6A9 /* AppDelegate.h */,
				3D3FBF2A1A15649E00E7E6A9 /* AppDelegate.m */,
				3D0629891BEBF8C8008C98F4 /* TeaTimerNotification.h */,
				3D673B621BEBFEF90051B2C4 /* TeaManager.h */,
				3D673B631BEBFEF90051B2C4 /* TeaManager.m */,
				3D1442BB1AC746B400816B7F /* TeaEditor.h */,
				3D1442BC1AC746B400816B7F /* TeaEditor.m */,
				3D3FBF2C1A15649E00E7E6A9 /* MainMenu.xib */,
				3D1442B91AC7436A00816B7F /* TeaEditorWindow.xib */,
				3D3FBF4A1A157B8F00E7E6A9 /* Localizable.strings */,
				3D3FBF1E1A15649E00E7E6A9 /* Supporting Files */,
			);
			path = TeaMenu;
			sourceTree = "<group>";
		};
		3D3FBF1E1A15649E00E7E6A9 /* Supporting Files */ = {
			isa = PBXGroup;
			children = (
				3DF0CBEE1AC842E100B5AEDE /* DefaultTeas.plist */,
				3D3FBF1F1A15649E00E7E6A9 /* TeaMenu-Info.plist */,
				3D3FBF201A15649E00E7E6A9 /* InfoPlist.strings */,
				3D3FBF231A15649E00E7E6A9 /* main.m */,
			);
			name = "Supporting Files";
			sourceTree = "<group>";
		};
		3D3FBF361A1567DA00E7E6A9 /* Images */ = {
			isa = PBXGroup;
			children = (
				3D36300D1A7AE9CE00B34E2C /* TeaIcon1.1.icns */,
				3D6F8BE71A7AD14D000794CA /* TeaIcon_Done.png */,
				3D1BDE0C1C5AD51500E95DF9 /* Icons.xcassets */,
			);
			name = Images;
			sourceTree = "<group>";
		};
		3D9ECC8B1AC5F37E0007256B /* Core Data */ = {
			isa = PBXGroup;
			children = (
				3D77CC4D1D8C02BC0047F8B5 /* TeaMenu.xcdatamodeld */,
				3D58919A1D8C08FE00909081 /* TeaObject.h */,
				3D58919B1D8C08FE00909081 /* TeaObject.m */,
			);
			name = "Core Data";
			sourceTree = "<group>";
		};
		3DD20B781BE9634B00C184E4 /* Custom Tea Timer */ = {
			isa = PBXGroup;
			children = (
				3DB25A421B2DD49B00DFEBBA /* CustomTeaMenuItem.xib */,
				3DD20B741BE9600000C184E4 /* CustomTeaMenuItem.h */,
				3DD20B751BE9600000C184E4 /* CustomTeaMenuItem.m */,
				3DD20B7E1BE9640800C184E4 /* CustomTeaItemViewController.h */,
				3DD20B7F1BE9640800C184E4 /* CustomTeaItemViewController.m */,
			);
			name = "Custom Tea Timer";
			sourceTree = "<group>";
		};
/* End PBXGroup section */

/* Begin PBXNativeTarget section */
		3D3FBF121A15649D00E7E6A9 /* TeaMenu */ = {
			isa = PBXNativeTarget;
			buildConfigurationList = 3D3FBF311A15649E00E7E6A9 /* Build configuration list for PBXNativeTarget "TeaMenu" */;
			buildPhases = (
				3D3FBF0F1A15649D00E7E6A9 /* Sources */,
				3D3FBF101A15649D00E7E6A9 /* Frameworks */,
				3D3FBF111A15649D00E7E6A9 /* Resources */,
			);
			buildRules = (
			);
			dependencies = (
			);
			name = TeaMenu;
			productName = TeaMenu;
			productReference = 3D3FBF131A15649D00E7E6A9 /* TeaMenu.app */;
			productType = "com.apple.product-type.application";
		};
/* End PBXNativeTarget section */

/* Begin PBXProject section */
		3D3FBF0A1A15649D00E7E6A9 /* Project object */ = {
			isa = PBXProject;
			attributes = {
				LastUpgradeCheck = 0900;
			};
			buildConfigurationList = 3D3FBF0D1A15649D00E7E6A9 /* Build configuration list for PBXProject "TeaMenu" */;
			compatibilityVersion = "Xcode 3.2";
			developmentRegion = English;
			hasScannedForEncodings = 0;
			knownRegions = (
				en,
				de,
				fr,
				it,
				es,
				nl,
				sv,
				da,
				pt,
				Base,
			);
			mainGroup = 3D3FBF081A15649D00E7E6A9;
			productRefGroup = 3D3FBF141A15649D00E7E6A9 /* Products */;
			projectDirPath = "";
			projectRoot = "";
			targets = (
				3D3FBF121A15649D00E7E6A9 /* TeaMenu */,
			);
		};
/* End PBXProject section */

/* Begin PBXResourcesBuildPhase section */
		3D3FBF111A15649D00E7E6A9 /* Resources */ = {
			isa = PBXResourcesBuildPhase;
			buildActionMask = 2147483647;
			files = (
				3D3FBF2E1A15649E00E7E6A9 /* MainMenu.xib in Resources */,
				3D3FBF481A157B8F00E7E6A9 /* Localizable.strings in Resources */,
				3D6F8BE81A7AD14D000794CA /* TeaIcon_Done.png in Resources */,
				3D36300E1A7AE9CE00B34E2C /* TeaIcon1.1.icns in Resources */,
				3D1442B71AC7436A00816B7F /* TeaEditorWindow.xib in Resources */,
				3DF0CBEF1AC842E100B5AEDE /* DefaultTeas.plist in Resources */,
				3D1BDE0D1C5AD51500E95DF9 /* Icons.xcassets in Resources */,
				3DB25A431B2DD49B00DFEBBA /* CustomTeaMenuItem.xib in Resources */,
			);
			runOnlyForDeploymentPostprocessing = 0;
		};
/* End PBXResourcesBuildPhase section */

/* Begin PBXSourcesBuildPhase section */
		3D3FBF0F1A15649D00E7E6A9 /* Sources */ = {
			isa = PBXSourcesBuildPhase;
			buildActionMask = 2147483647;
			files = (
				3D58919C1D8C08FE00909081 /* TeaObject.m in Sources */,
				3D3FBF241A15649E00E7E6A9 /* main.m in Sources */,
				3D3FBF2B1A15649E00E7E6A9 /* AppDelegate.m in Sources */,
				3D1442BD1AC746B400816B7F /* TeaEditor.m in Sources */,
				3D77CC4F1D8C02BC0047F8B5 /* TeaMenu.xcdatamodeld in Sources */,
				3DD20B761BE9600000C184E4 /* CustomTeaMenuItem.m in Sources */,
				3DD20B811BE9640800C184E4 /* CustomTeaItemViewController.m in Sources */,
				3D673B641BEBFEF90051B2C4 /* TeaManager.m in Sources */,
			);
			runOnlyForDeploymentPostprocessing = 0;
		};
/* End PBXSourcesBuildPhase section */

/* Begin PBXVariantGroup section */
		3D1442B91AC7436A00816B7F /* TeaEditorWindow.xib */ = {
			isa = PBXVariantGroup;
			children = (
				3D46067C1C5CEB5600766414 /* Base */,
				3DBB8A7D1D91DC9F004ABF63 /* en */,
				3DBB8A7F1D91DCA8004ABF63 /* de */,
				3DBB8A811D91DCAF004ABF63 /* fr */,
				3DBB8A831D91DCB1004ABF63 /* it */,
				3DBB8A851D91DCB5004ABF63 /* es */,
				3DBB8A871D91DCB7004ABF63 /* pt */,
				3DBB8A891D91DCB8004ABF63 /* da */,
				3DBB8A8B1D91DCBA004ABF63 /* sv */,
				3DBB8A8D1D91DCBC004ABF63 /* nl */,
			);
			name = TeaEditorWindow.xib;
			sourceTree = "<group>";
		};
		3D3FBF201A15649E00E7E6A9 /* InfoPlist.strings */ = {
			isa = PBXVariantGroup;
			children = (
				3D3FBF211A15649E00E7E6A9 /* en */,
			);
			name = InfoPlist.strings;
			sourceTree = "<group>";
		};
		3D3FBF2C1A15649E00E7E6A9 /* MainMenu.xib */ = {
			isa = PBXVariantGroup;
			children = (
				3D46066F1C5C232400766414 /* Base */,
				3D4606711C5C232E00766414 /* en */,
				3D4606741C5C249500766414 /* de */,
				3D4606751C5C254B00766414 /* fr */,
				3D4606761C5C254F00766414 /* it */,
				3D4606771C5C255200766414 /* es */,
				3D4606781C5C255500766414 /* pt */,
				3D4606791C5C255800766414 /* da */,
				3D46067A1C5C255B00766414 /* sv */,
				3D46067B1C5C255E00766414 /* nl */,
			);
			name = MainMenu.xib;
			sourceTree = "<group>";
		};
		3D3FBF4A1A157B8F00E7E6A9 /* Localizable.strings */ = {
			isa = PBXVariantGroup;
			children = (
				3D3FBF491A157B8F00E7E6A9 /* en */,
				3D3FBF4B1A157B9300E7E6A9 /* de */,
				3D3FBF4C1A157BBA00E7E6A9 /* fr */,
				3D3FBF551A157EEF00E7E6A9 /* it */,
				3D3FBF561A157EEF00E7E6A9 /* es */,
				3D73E27E1A1AC8DA0002A5C8 /* nl */,
				3D73E2811A1ACAE40002A5C8 /* sv */,
				3DC149541A1B2A0400718D30 /* da */,
				3DC149561A1B2C1500718D30 /* pt */,
			);
			name = Localizable.strings;
			sourceTree = "<group>";
		};
/* End PBXVariantGroup section */

/* Begin XCBuildConfiguration section */
		3D3FBF2F1A15649E00E7E6A9 /* Debug */ = {
			isa = XCBuildConfiguration;
			buildSettings = {
				ALWAYS_SEARCH_USER_PATHS = NO;
				CLANG_ANALYZER_LOCALIZABILITY_NONLOCALIZED = YES;
				CLANG_WARN_BLOCK_CAPTURE_AUTORELEASING = YES;
				CLANG_WARN_BOOL_CONVERSION = YES;
				CLANG_WARN_COMMA = YES;
				CLANG_WARN_CONSTANT_CONVERSION = YES;
				CLANG_WARN_EMPTY_BODY = YES;
				CLANG_WARN_ENUM_CONVERSION = YES;
				CLANG_WARN_INFINITE_RECURSION = YES;
				CLANG_WARN_INT_CONVERSION = YES;
				CLANG_WARN_NON_LITERAL_NULL_CONVERSION = YES;
				CLANG_WARN_OBJC_LITERAL_CONVERSION = YES;
				CLANG_WARN_RANGE_LOOP_ANALYSIS = YES;
				CLANG_WARN_STRICT_PROTOTYPES = YES;
				CLANG_WARN_SUSPICIOUS_MOVE = YES;
				CLANG_WARN_UNREACHABLE_CODE = YES;
				CLANG_WARN__DUPLICATE_METHOD_MATCH = YES;
				COPY_PHASE_STRIP = NO;
				ENABLE_STRICT_OBJC_MSGSEND = YES;
				ENABLE_TESTABILITY = YES;
				GCC_C_LANGUAGE_STANDARD = c99;
				GCC_DYNAMIC_NO_PIC = NO;
				GCC_ENABLE_OBJC_EXCEPTIONS = YES;
				GCC_NO_COMMON_BLOCKS = YES;
				GCC_OPTIMIZATION_LEVEL = 0;
				GCC_PREPROCESSOR_DEFINITIONS = (
					"DEBUG=1",
					"$(inherited)",
				);
				GCC_SYMBOLS_PRIVATE_EXTERN = NO;
				GCC_VERSION = com.apple.compilers.llvm.clang.1_0;
				GCC_WARN_64_TO_32_BIT_CONVERSION = YES;
				GCC_WARN_ABOUT_MISSING_PROTOTYPES = YES;
				GCC_WARN_ABOUT_RETURN_TYPE = YES;
				GCC_WARN_UNDECLARED_SELECTOR = YES;
				GCC_WARN_UNINITIALIZED_AUTOS = YES;
				GCC_WARN_UNUSED_FUNCTION = YES;
				GCC_WARN_UNUSED_VARIABLE = YES;
				MACOSX_DEPLOYMENT_TARGET = 10.9;
				ONLY_ACTIVE_ARCH = YES;
				SDKROOT = macosx;
			};
			name = Debug;
		};
		3D3FBF301A15649E00E7E6A9 /* Release */ = {
			isa = XCBuildConfiguration;
			buildSettings = {
				ALWAYS_SEARCH_USER_PATHS = NO;
				CLANG_ANALYZER_LOCALIZABILITY_NONLOCALIZED = YES;
				CLANG_WARN_BLOCK_CAPTURE_AUTORELEASING = YES;
				CLANG_WARN_BOOL_CONVERSION = YES;
				CLANG_WARN_COMMA = YES;
				CLANG_WARN_CONSTANT_CONVERSION = YES;
				CLANG_WARN_EMPTY_BODY = YES;
				CLANG_WARN_ENUM_CONVERSION = YES;
				CLANG_WARN_INFINITE_RECURSION = YES;
				CLANG_WARN_INT_CONVERSION = YES;
				CLANG_WARN_NON_LITERAL_NULL_CONVERSION = YES;
				CLANG_WARN_OBJC_LITERAL_CONVERSION = YES;
				CLANG_WARN_RANGE_LOOP_ANALYSIS = YES;
				CLANG_WARN_STRICT_PROTOTYPES = YES;
				CLANG_WARN_SUSPICIOUS_MOVE = YES;
				CLANG_WARN_UNREACHABLE_CODE = YES;
				CLANG_WARN__DUPLICATE_METHOD_MATCH = YES;
				COPY_PHASE_STRIP = YES;
				DEBUG_INFORMATION_FORMAT = "dwarf-with-dsym";
				ENABLE_STRICT_OBJC_MSGSEND = YES;
				GCC_C_LANGUAGE_STANDARD = c99;
				GCC_ENABLE_OBJC_EXCEPTIONS = YES;
				GCC_NO_COMMON_BLOCKS = YES;
				GCC_OPTIMIZATION_LEVEL = 3;
				GCC_VERSION = com.apple.compilers.llvm.clang.1_0;
				GCC_WARN_64_TO_32_BIT_CONVERSION = YES;
				GCC_WARN_ABOUT_MISSING_PROTOTYPES = YES;
				GCC_WARN_ABOUT_RETURN_TYPE = YES;
				GCC_WARN_UNDECLARED_SELECTOR = YES;
				GCC_WARN_UNINITIALIZED_AUTOS = YES;
				GCC_WARN_UNUSED_FUNCTION = YES;
				GCC_WARN_UNUSED_VARIABLE = YES;
				MACOSX_DEPLOYMENT_TARGET = 10.9;
				SDKROOT = macosx;
			};
			name = Release;
		};
		3D3FBF321A15649E00E7E6A9 /* Debug */ = {
			isa = XCBuildConfiguration;
			buildSettings = {
				CLANG_CXX_LANGUAGE_STANDARD = "c++14";
				CLANG_ENABLE_OBJC_ARC = YES;
				COMBINE_HIDPI_IMAGES = YES;
				GCC_PRECOMPILE_PREFIX_HEADER = NO;
				GCC_PREFIX_HEADER = "";
				INFOPLIST_FILE = "TeaMenu/TeaMenu-Info.plist";
				PRODUCT_BUNDLE_IDENTIFIER = "net.dfragment.${PRODUCT_NAME:rfc1034identifier}";
				PRODUCT_NAME = "$(TARGET_NAME)";
				WRAPPER_EXTENSION = app;
			};
			name = Debug;
		};
		3D3FBF331A15649E00E7E6A9 /* Release */ = {
			isa = XCBuildConfiguration;
			buildSettings = {
				CLANG_CXX_LANGUAGE_STANDARD = "c++14";
				CLANG_ENABLE_OBJC_ARC = YES;
				COMBINE_HIDPI_IMAGES = YES;
				GCC_PRECOMPILE_PREFIX_HEADER = NO;
				GCC_PREFIX_HEADER = "";
				INFOPLIST_FILE = "TeaMenu/TeaMenu-Info.plist";
				PRODUCT_BUNDLE_IDENTIFIER = "net.dfragment.${PRODUCT_NAME:rfc1034identifier}";
				PRODUCT_NAME = "$(TARGET_NAME)";
				WRAPPER_EXTENSION = app;
			};
			name = Release;
		};
/* End XCBuildConfiguration section */

/* Begin XCConfigurationList section */
		3D3FBF0D1A15649D00E7E6A9 /* Build configuration list for PBXProject "TeaMenu" */ = {
			isa = XCConfigurationList;
			buildConfigurations = (
				3D3FBF2F1A15649E00E7E6A9 /* Debug */,
				3D3FBF301A15649E00E7E6A9 /* Release */,
			);
			defaultConfigurationIsVisible = 0;
			defaultConfigurationName = Release;
		};
		3D3FBF311A15649E00E7E6A9 /* Build configuration list for PBXNativeTarget "TeaMenu" */ = {
			isa = XCConfigurationList;
			buildConfigurations = (
				3D3FBF321A15649E00E7E6A9 /* Debug */,
				3D3FBF331A15649E00E7E6A9 /* Release */,
			);
			defaultConfigurationIsVisible = 0;
			defaultConfigurationName = Release;
		};
/* End XCConfigurationList section */

/* Begin XCVersionGroup section */
		3D77CC4D1D8C02BC0047F8B5 /* TeaMenu.xcdatamodeld */ = {
			isa = XCVersionGroup;
			children = (
				3D77CC4E1D8C02BC0047F8B5 /* TeaMenu.xcdatamodel */,
			);
			currentVersion = 3D77CC4E1D8C02BC0047F8B5 /* TeaMenu.xcdatamodel */;
			path = TeaMenu.xcdatamodeld;
			sourceTree = "<group>";
			versionGroupType = wrapper.xcdatamodel;
		};
/* End XCVersionGroup section */
	};
	rootObject = 3D3FBF0A1A15649D00E7E6A9 /* Project object */;
}
