// !$*UTF8*$!
{
	archiveVersion = 1;
	classes = {
	};
	objectVersion = 46;
	objects = {

/* Begin PBXBuildFile section */
		3D0541401A16A3B10097BBBE /* TeaIcon1.1.icns in Resources */ = {isa = PBXBuildFile; fileRef = 3D05413F1A16A3B10097BBBE /* TeaIcon1.1.icns */; };
		3D3FBF181A15649E00E7E6A9 /* Cocoa.framework in Frameworks */ = {isa = PBXBuildFile; fileRef = 3D3FBF171A15649E00E7E6A9 /* Cocoa.framework */; };
		3D3FBF221A15649E00E7E6A9 /* InfoPlist.strings in Resources */ = {isa = PBXBuildFile; fileRef = 3D3FBF201A15649E00E7E6A9 /* InfoPlist.strings */; };
		3D3FBF241A15649E00E7E6A9 /* main.m in Sources */ = {isa = PBXBuildFile; fileRef = 3D3FBF231A15649E00E7E6A9 /* main.m */; };
		3D3FBF2B1A15649E00E7E6A9 /* AppDelegate.m in Sources */ = {isa = PBXBuildFile; fileRef = 3D3FBF2A1A15649E00E7E6A9 /* AppDelegate.m */; };
		3D3FBF2E1A15649E00E7E6A9 /* MainMenu.xib in Resources */ = {isa = PBXBuildFile; fileRef = 3D3FBF2C1A15649E00E7E6A9 /* MainMenu.xib */; };
		3D3FBF481A157B8F00E7E6A9 /* Localizable.strings in Resources */ = {isa = PBXBuildFile; fileRef = 3D3FBF4A1A157B8F00E7E6A9 /* Localizable.strings */; };
		3DC5ACC21A18E3090004A0CB /* DefaultTeas.plist in Resources */ = {isa = PBXBuildFile; fileRef = 3DC5ACC41A18E3090004A0CB /* DefaultTeas.plist */; };
		3DCC29D31A160B770013391E /* Teaicon_Done.png in Resources */ = {isa = PBXBuildFile; fileRef = 3DCC29D21A160B770013391E /* Teaicon_Done.png */; };
		3DCC29D81A160C590013391E /* menu-black.png in Resources */ = {isa = PBXBuildFile; fileRef = 3DCC29D41A160C590013391E /* menu-black.png */; };
		3DCC29D91A160C590013391E /* menu-steamblack.png in Resources */ = {isa = PBXBuildFile; fileRef = 3DCC29D51A160C590013391E /* menu-steamblack.png */; };
		3DCC29DA1A160C590013391E /* menu-steamwhite.png in Resources */ = {isa = PBXBuildFile; fileRef = 3DCC29D61A160C590013391E /* menu-steamwhite.png */; };
		3DCC29DB1A160C590013391E /* menu-white.png in Resources */ = {isa = PBXBuildFile; fileRef = 3DCC29D71A160C590013391E /* menu-white.png */; };
/* End PBXBuildFile section */

/* Begin PBXFileReference section */
		3D05413F1A16A3B10097BBBE /* TeaIcon1.1.icns */ = {isa = PBXFileReference; lastKnownFileType = image.icns; path = TeaIcon1.1.icns; sourceTree = "<group>"; };
		3D3FBF131A15649D00E7E6A9 /* TeaMenu.app */ = {isa = PBXFileReference; explicitFileType = wrapper.application; includeInIndex = 0; path = TeaMenu.app; sourceTree = BUILT_PRODUCTS_DIR; };
		3D3FBF171A15649E00E7E6A9 /* Cocoa.framework */ = {isa = PBXFileReference; lastKnownFileType = wrapper.framework; name = Cocoa.framework; path = System/Library/Frameworks/Cocoa.framework; sourceTree = SDKROOT; };
		3D3FBF1A1A15649E00E7E6A9 /* AppKit.framework */ = {isa = PBXFileReference; lastKnownFileType = wrapper.framework; name = AppKit.framework; path = System/Library/Frameworks/AppKit.framework; sourceTree = SDKROOT; };
		3D3FBF1B1A15649E00E7E6A9 /* CoreData.framework */ = {isa = PBXFileReference; lastKnownFileType = wrapper.framework; name = CoreData.framework; path = System/Library/Frameworks/CoreData.framework; sourceTree = SDKROOT; };
		3D3FBF1C1A15649E00E7E6A9 /* Foundation.framework */ = {isa = PBXFileReference; lastKnownFileType = wrapper.framework; name = Foundation.framework; path = System/Library/Frameworks/Foundation.framework; sourceTree = SDKROOT; };
		3D3FBF1F1A15649E00E7E6A9 /* TeaMenu-Info.plist */ = {isa = PBXFileReference; lastKnownFileType = text.plist.xml; path = "TeaMenu-Info.plist"; sourceTree = "<group>"; };
		3D3FBF211A15649E00E7E6A9 /* en */ = {isa = PBXFileReference; lastKnownFileType = text.plist.strings; name = en; path = en.lproj/InfoPlist.strings; sourceTree = "<group>"; };
		3D3FBF231A15649E00E7E6A9 /* main.m */ = {isa = PBXFileReference; lastKnownFileType = sourcecode.c.objc; path = main.m; sourceTree = "<group>"; };
		3D3FBF251A15649E00E7E6A9 /* TeaMenu-Prefix.pch */ = {isa = PBXFileReference; lastKnownFileType = sourcecode.c.h; path = "TeaMenu-Prefix.pch"; sourceTree = "<group>"; };
		3D3FBF291A15649E00E7E6A9 /* AppDelegate.h */ = {isa = PBXFileReference; lastKnownFileType = sourcecode.c.h; path = AppDelegate.h; sourceTree = "<group>"; };
		3D3FBF2A1A15649E00E7E6A9 /* AppDelegate.m */ = {isa = PBXFileReference; lastKnownFileType = sourcecode.c.objc; path = AppDelegate.m; sourceTree = "<group>"; };
		3D3FBF2D1A15649E00E7E6A9 /* en */ = {isa = PBXFileReference; lastKnownFileType = file.xib; name = en; path = en.lproj/MainMenu.xib; sourceTree = "<group>"; };
		3D3FBF451A1579F200E7E6A9 /* de */ = {isa = PBXFileReference; lastKnownFileType = file.xib; name = de; path = de.lproj/MainMenu.xib; sourceTree = "<group>"; };
		3D3FBF491A157B8F00E7E6A9 /* en */ = {isa = PBXFileReference; lastKnownFileType = text.plist.strings; name = en; path = en.lproj/Localizable.strings; sourceTree = "<group>"; };
		3D3FBF4B1A157B9300E7E6A9 /* de */ = {isa = PBXFileReference; lastKnownFileType = text.plist.strings; name = de; path = de.lproj/Localizable.strings; sourceTree = "<group>"; };
		3D3FBF4C1A157BBA00E7E6A9 /* fr */ = {isa = PBXFileReference; lastKnownFileType = text.plist.strings; name = fr; path = fr.lproj/Localizable.strings; sourceTree = "<group>"; };
		3D3FBF4D1A157BE000E7E6A9 /* fr */ = {isa = PBXFileReference; lastKnownFileType = file.xib; name = fr; path = fr.lproj/MainMenu.xib; sourceTree = "<group>"; };
		3D3FBF521A157E8400E7E6A9 /* it */ = {isa = PBXFileReference; lastKnownFileType = file.xib; name = it; path = it.lproj/MainMenu.xib; sourceTree = "<group>"; };
		3D3FBF541A157E8900E7E6A9 /* es */ = {isa = PBXFileReference; lastKnownFileType = file.xib; name = es; path = es.lproj/MainMenu.xib; sourceTree = "<group>"; };
		3D3FBF551A157EEF00E7E6A9 /* it */ = {isa = PBXFileReference; lastKnownFileType = text.plist.strings; name = it; path = it.lproj/Localizable.strings; sourceTree = "<group>"; };
		3D3FBF561A157EEF00E7E6A9 /* es */ = {isa = PBXFileReference; lastKnownFileType = text.plist.strings; name = es; path = es.lproj/Localizable.strings; sourceTree = "<group>"; };
		3DC5ACC31A18E3090004A0CB /* en */ = {isa = PBXFileReference; lastKnownFileType = text.plist.xml; name = en; path = en.lproj/DefaultTeas.plist; sourceTree = "<group>"; };
		3DC5ACC51A18E3210004A0CB /* it */ = {isa = PBXFileReference; lastKnownFileType = text.plist.xml; name = it; path = it.lproj/DefaultTeas.plist; sourceTree = "<group>"; };
		3DC5ACC61A18E3210004A0CB /* de */ = {isa = PBXFileReference; lastKnownFileType = text.plist.xml; name = de; path = de.lproj/DefaultTeas.plist; sourceTree = "<group>"; };
		3DC5ACC71A18E3210004A0CB /* fr */ = {isa = PBXFileReference; lastKnownFileType = text.plist.xml; name = fr; path = fr.lproj/DefaultTeas.plist; sourceTree = "<group>"; };
		3DC5ACC81A18E3210004A0CB /* es */ = {isa = PBXFileReference; lastKnownFileType = text.plist.xml; name = es; path = es.lproj/DefaultTeas.plist; sourceTree = "<group>"; };
		3DCC29D21A160B770013391E /* Teaicon_Done.png */ = {isa = PBXFileReference; lastKnownFileType = image.png; path = Teaicon_Done.png; sourceTree = "<group>"; };
		3DCC29D41A160C590013391E /* menu-black.png */ = {isa = PBXFileReference; lastKnownFileType = image.png; path = "menu-black.png"; sourceTree = "<group>"; };
		3DCC29D51A160C590013391E /* menu-steamblack.png */ = {isa = PBXFileReference; lastKnownFileType = image.png; path = "menu-steamblack.png"; sourceTree = "<group>"; };
		3DCC29D61A160C590013391E /* menu-steamwhite.png */ = {isa = PBXFileReference; lastKnownFileType = image.png; path = "menu-steamwhite.png"; sourceTree = "<group>"; };
		3DCC29D71A160C590013391E /* menu-white.png */ = {isa = PBXFileReference; lastKnownFileType = image.png; path = "menu-white.png"; sourceTree = "<group>"; };
/* End PBXFileReference section */

/* Begin PBXFrameworksBuildPhase section */
		3D3FBF101A15649D00E7E6A9 /* Frameworks */ = {
			isa = PBXFrameworksBuildPhase;
			buildActionMask = 2147483647;
			files = (
				3D3FBF181A15649E00E7E6A9 /* Cocoa.framework in Frameworks */,
			);
			runOnlyForDeploymentPostprocessing = 0;
		};
/* End PBXFrameworksBuildPhase section */

/* Begin PBXGroup section */
		3D3FBF081A15649D00E7E6A9 = {
			isa = PBXGroup;
			children = (
				3D3FBF361A1567DA00E7E6A9 /* Images */,
				3D3FBF1D1A15649E00E7E6A9 /* TeaMenu */,
				3D3FBF161A15649D00E7E6A9 /* Frameworks */,
				3D3FBF141A15649D00E7E6A9 /* Products */,
			);
			sourceTree = "<group>";
		};
		3D3FBF141A15649D00E7E6A9 /* Products */ = {
			isa = PBXGroup;
			children = (
				3D3FBF131A15649D00E7E6A9 /* TeaMenu.app */,
			);
			name = Products;
			sourceTree = "<group>";
		};
		3D3FBF161A15649D00E7E6A9 /* Frameworks */ = {
			isa = PBXGroup;
			children = (
				3D3FBF171A15649E00E7E6A9 /* Cocoa.framework */,
				3D3FBF191A15649E00E7E6A9 /* Other Frameworks */,
			);
			name = Frameworks;
			sourceTree = "<group>";
		};
		3D3FBF191A15649E00E7E6A9 /* Other Frameworks */ = {
			isa = PBXGroup;
			children = (
				3D3FBF1A1A15649E00E7E6A9 /* AppKit.framework */,
				3D3FBF1B1A15649E00E7E6A9 /* CoreData.framework */,
				3D3FBF1C1A15649E00E7E6A9 /* Foundation.framework */,
			);
			name = "Other Frameworks";
			sourceTree = "<group>";
		};
		3D3FBF1D1A15649E00E7E6A9 /* TeaMenu */ = {
			isa = PBXGroup;
			children = (
				3D3FBF291A15649E00E7E6A9 /* AppDelegate.h */,
				3D3FBF2A1A15649E00E7E6A9 /* AppDelegate.m */,
				3D3FBF2C1A15649E00E7E6A9 /* MainMenu.xib */,
				3D3FBF4A1A157B8F00E7E6A9 /* Localizable.strings */,
				3D3FBF1E1A15649E00E7E6A9 /* Supporting Files */,
			);
			path = TeaMenu;
			sourceTree = "<group>";
		};
		3D3FBF1E1A15649E00E7E6A9 /* Supporting Files */ = {
			isa = PBXGroup;
			children = (
				3DC5ACC41A18E3090004A0CB /* DefaultTeas.plist */,
				3D3FBF1F1A15649E00E7E6A9 /* TeaMenu-Info.plist */,
				3D3FBF201A15649E00E7E6A9 /* InfoPlist.strings */,
				3D3FBF231A15649E00E7E6A9 /* main.m */,
				3D3FBF251A15649E00E7E6A9 /* TeaMenu-Prefix.pch */,
			);
			name = "Supporting Files";
			sourceTree = "<group>";
		};
		3D3FBF361A1567DA00E7E6A9 /* Images */ = {
			isa = PBXGroup;
			children = (
				3D05413F1A16A3B10097BBBE /* TeaIcon1.1.icns */,
				3DCC29D41A160C590013391E /* menu-black.png */,
				3DCC29D51A160C590013391E /* menu-steamblack.png */,
				3DCC29D61A160C590013391E /* menu-steamwhite.png */,
				3DCC29D71A160C590013391E /* menu-white.png */,
				3DCC29D21A160B770013391E /* Teaicon_Done.png */,
			);
			name = Images;
			sourceTree = "<group>";
		};
/* End PBXGroup section */

/* Begin PBXNativeTarget section */
		3D3FBF121A15649D00E7E6A9 /* TeaMenu */ = {
			isa = PBXNativeTarget;
			buildConfigurationList = 3D3FBF311A15649E00E7E6A9 /* Build configuration list for PBXNativeTarget "TeaMenu" */;
			buildPhases = (
				3D3FBF0F1A15649D00E7E6A9 /* Sources */,
				3D3FBF101A15649D00E7E6A9 /* Frameworks */,
				3D3FBF111A15649D00E7E6A9 /* Resources */,
			);
			buildRules = (
			);
			dependencies = (
			);
			name = TeaMenu;
			productName = TeaMenu;
			productReference = 3D3FBF131A15649D00E7E6A9 /* TeaMenu.app */;
			productType = "com.apple.product-type.application";
		};
/* End PBXNativeTarget section */

/* Begin PBXProject section */
		3D3FBF0A1A15649D00E7E6A9 /* Project object */ = {
			isa = PBXProject;
			attributes = {
				LastUpgradeCheck = 0420;
			};
			buildConfigurationList = 3D3FBF0D1A15649D00E7E6A9 /* Build configuration list for PBXProject "TeaMenu" */;
			compatibilityVersion = "Xcode 3.2";
			developmentRegion = English;
			hasScannedForEncodings = 0;
			knownRegions = (
				en,
				de,
				fr,
				it,
				es,
			);
			mainGroup = 3D3FBF081A15649D00E7E6A9;
			productRefGroup = 3D3FBF141A15649D00E7E6A9 /* Products */;
			projectDirPath = "";
			projectRoot = "";
			targets = (
				3D3FBF121A15649D00E7E6A9 /* TeaMenu */,
			);
		};
/* End PBXProject section */

/* Begin PBXResourcesBuildPhase section */
		3D3FBF111A15649D00E7E6A9 /* Resources */ = {
			isa = PBXResourcesBuildPhase;
			buildActionMask = 2147483647;
			files = (
				3D3FBF221A15649E00E7E6A9 /* InfoPlist.strings in Resources */,
				3D3FBF2E1A15649E00E7E6A9 /* MainMenu.xib in Resources */,
				3D3FBF481A157B8F00E7E6A9 /* Localizable.strings in Resources */,
				3DCC29D31A160B770013391E /* Teaicon_Done.png in Resources */,
				3DCC29D81A160C590013391E /* menu-black.png in Resources */,
				3DCC29D91A160C590013391E /* menu-steamblack.png in Resources */,
				3DCC29DA1A160C590013391E /* menu-steamwhite.png in Resources */,
				3DCC29DB1A160C590013391E /* menu-white.png in Resources */,
				3D0541401A16A3B10097BBBE /* TeaIcon1.1.icns in Resources */,
				3DC5ACC21A18E3090004A0CB /* DefaultTeas.plist in Resources */,
			);
			runOnlyForDeploymentPostprocessing = 0;
		};
/* End PBXResourcesBuildPhase section */

/* Begin PBXSourcesBuildPhase section */
		3D3FBF0F1A15649D00E7E6A9 /* Sources */ = {
			isa = PBXSourcesBuildPhase;
			buildActionMask = 2147483647;
			files = (
				3D3FBF241A15649E00E7E6A9 /* main.m in Sources */,
				3D3FBF2B1A15649E00E7E6A9 /* AppDelegate.m in Sources */,
			);
			runOnlyForDeploymentPostprocessing = 0;
		};
/* End PBXSourcesBuildPhase section */

/* Begin PBXVariantGroup section */
		3D3FBF201A15649E00E7E6A9 /* InfoPlist.strings */ = {
			isa = PBXVariantGroup;
			children = (
				3D3FBF211A15649E00E7E6A9 /* en */,
			);
			name = InfoPlist.strings;
			sourceTree = "<group>";
		};
		3D3FBF2C1A15649E00E7E6A9 /* MainMenu.xib */ = {
			isa = PBXVariantGroup;
			children = (
				3D3FBF2D1A15649E00E7E6A9 /* en */,
				3D3FBF451A1579F200E7E6A9 /* de */,
				3D3FBF4D1A157BE000E7E6A9 /* fr */,
				3D3FBF521A157E8400E7E6A9 /* it */,
				3D3FBF541A157E8900E7E6A9 /* es */,
			);
			name = MainMenu.xib;
			sourceTree = "<group>";
		};
		3D3FBF4A1A157B8F00E7E6A9 /* Localizable.strings */ = {
			isa = PBXVariantGroup;
			children = (
				3D3FBF491A157B8F00E7E6A9 /* en */,
				3D3FBF4B1A157B9300E7E6A9 /* de */,
				3D3FBF4C1A157BBA00E7E6A9 /* fr */,
				3D3FBF551A157EEF00E7E6A9 /* it */,
				3D3FBF561A157EEF00E7E6A9 /* es */,
			);
			name = Localizable.strings;
			sourceTree = "<group>";
		};
		3DC5ACC41A18E3090004A0CB /* DefaultTeas.plist */ = {
			isa = PBXVariantGroup;
			children = (
				3DC5ACC31A18E3090004A0CB /* en */,
				3DC5ACC51A18E3210004A0CB /* it */,
				3DC5ACC61A18E3210004A0CB /* de */,
				3DC5ACC71A18E3210004A0CB /* fr */,
				3DC5ACC81A18E3210004A0CB /* es */,
			);
			name = DefaultTeas.plist;
			sourceTree = "<group>";
		};
/* End PBXVariantGroup section */

/* Begin XCBuildConfiguration section */
		3D3FBF2F1A15649E00E7E6A9 /* Debug */ = {
			isa = XCBuildConfiguration;
			buildSettings = {
				ALWAYS_SEARCH_USER_PATHS = NO;
				ARCHS = "$(ARCHS_STANDARD_64_BIT)";
				COPY_PHASE_STRIP = NO;
				GCC_C_LANGUAGE_STANDARD = gnu99;
				GCC_DYNAMIC_NO_PIC = NO;
				GCC_ENABLE_OBJC_EXCEPTIONS = YES;
				GCC_OPTIMIZATION_LEVEL = 0;
				GCC_PREPROCESSOR_DEFINITIONS = (
					"DEBUG=1",
					"$(inherited)",
				);
				GCC_SYMBOLS_PRIVATE_EXTERN = NO;
				GCC_VERSION = com.apple.compilers.llvm.clang.1_0;
				GCC_WARN_64_TO_32_BIT_CONVERSION = YES;
				GCC_WARN_ABOUT_MISSING_PROTOTYPES = YES;
				GCC_WARN_ABOUT_RETURN_TYPE = YES;
				GCC_WARN_UNUSED_VARIABLE = YES;
				MACOSX_DEPLOYMENT_TARGET = 10.6;
				ONLY_ACTIVE_ARCH = YES;
				SDKROOT = macosx;
			};
			name = Debug;
		};
		3D3FBF301A15649E00E7E6A9 /* Release */ = {
			isa = XCBuildConfiguration;
			buildSettings = {
				ALWAYS_SEARCH_USER_PATHS = NO;
				ARCHS = "$(ARCHS_STANDARD_64_BIT)";
				COPY_PHASE_STRIP = YES;
				DEBUG_INFORMATION_FORMAT = "dwarf-with-dsym";
				GCC_C_LANGUAGE_STANDARD = gnu99;
				GCC_ENABLE_OBJC_EXCEPTIONS = YES;
				GCC_VERSION = com.apple.compilers.llvm.clang.1_0;
				GCC_WARN_64_TO_32_BIT_CONVERSION = YES;
				GCC_WARN_ABOUT_MISSING_PROTOTYPES = YES;
				GCC_WARN_ABOUT_RETURN_TYPE = YES;
				GCC_WARN_UNUSED_VARIABLE = YES;
				MACOSX_DEPLOYMENT_TARGET = 10.6;
				SDKROOT = macosx;
			};
			name = Release;
		};
		3D3FBF321A15649E00E7E6A9 /* Debug */ = {
			isa = XCBuildConfiguration;
			buildSettings = {
				GCC_PRECOMPILE_PREFIX_HEADER = YES;
				GCC_PREFIX_HEADER = "TeaMenu/TeaMenu-Prefix.pch";
				INFOPLIST_FILE = "TeaMenu/TeaMenu-Info.plist";
				PRODUCT_NAME = "$(TARGET_NAME)";
				WRAPPER_EXTENSION = app;
			};
			name = Debug;
		};
		3D3FBF331A15649E00E7E6A9 /* Release */ = {
			isa = XCBuildConfiguration;
			buildSettings = {
				GCC_PRECOMPILE_PREFIX_HEADER = YES;
				GCC_PREFIX_HEADER = "TeaMenu/TeaMenu-Prefix.pch";
				INFOPLIST_FILE = "TeaMenu/TeaMenu-Info.plist";
				PRODUCT_NAME = "$(TARGET_NAME)";
				WRAPPER_EXTENSION = app;
			};
			name = Release;
		};
/* End XCBuildConfiguration section */

/* Begin XCConfigurationList section */
		3D3FBF0D1A15649D00E7E6A9 /* Build configuration list for PBXProject "TeaMenu" */ = {
			isa = XCConfigurationList;
			buildConfigurations = (
				3D3FBF2F1A15649E00E7E6A9 /* Debug */,
				3D3FBF301A15649E00E7E6A9 /* Release */,
			);
			defaultConfigurationIsVisible = 0;
			defaultConfigurationName = Release;
		};
		3D3FBF311A15649E00E7E6A9 /* Build configuration list for PBXNativeTarget "TeaMenu" */ = {
			isa = XCConfigurationList;
			buildConfigurations = (
				3D3FBF321A15649E00E7E6A9 /* Debug */,
				3D3FBF331A15649E00E7E6A9 /* Release */,
			);
			defaultConfigurationIsVisible = 0;
			defaultConfigurationName = Release;
		};
/* End XCConfigurationList section */
	};
	rootObject = 3D3FBF0A1A15649D00E7E6A9 /* Project object */;
}
